{
  "name": "vn2000-online",
  "version": "1.0.0",
  "lockfileVersion": 3,
  "requires": true,
  "packages": {
    "": {
      "name": "vn2000-online",
      "version": "1.0.0",
      "license": "MIT",
      "dependencies": {
        "proj4": "2.21.0"
      }
    },
    "node_modules/mgrs": {
      "version": "1.0.0",
      "resolved": "https://registry.npmjs.org/mgrs/-/mgrs-1.0.0.tgz",
      "integrity": "sha512-awNbTOqCxK1DBGjalK3xqWIstBZgN6fxsMSiXLs9/spqWkF2pAhb2rrYCFSsr1/tT7PhcDGjZndG8SWYn0byYA==",
      "license": "MIT"
    },
    "node_modules/proj4": {
      "version": "2.21.0",
      "resolved": "https://registry.npmjs.org/proj4/-/proj4-2.21.0.tgz",
      "integrity": "sha512-33HfDftqw8kY+Cl1dcL16SJuqTSzYxmz4re7Nmhk+fs1/N1fFrAkkF579msQTR/4fLeJVSNne8/gpoCz0fk1uw==",
      "license": "MIT",
      "dependencies": {
        "mgrs": "1.0.0",
        "wkt-parser": "^1.5.5"
      },
      "funding": {
        "url": "https://github.com/sponsors/ahocevar"
      },
      "peerDependencies": {
        "geotiff": "*"
      },
      "peerDependenciesMeta": {
        "geotiff": {
          "optional": true
        }
      }
    },
    "node_modules/wkt-parser": {
      "version": "1.5.6",
      "resolved": "https://registry.npmjs.org/wkt-parser/-/wkt-parser-1.5.6.tgz",
      "integrity": "sha512-cqHU3lzGt/gt2OqIORP0uVy5yeOX43WABmgFkmJsmcqH3HhQo9PiJG6ftytwGKmpQUbegeX7+pQc2BuNCRfcrw==",
      "license": "MIT",
      "funding": {
        "url": "https://github.com/sponsors/ahocevar"
      }
    }
  }
}
